
Microsoft Visual Studio Solution File, Format Version 12.00
# Visual Studio Version 17
VisualStudioVersion = 17.0.31903.59
MinimumVisualStudioVersion = 10.0.40219.1
Project("{9A19103F-16F7-4668-BE54-9A1E7A4F7556}") = "WebApi", "WebApi\WebApi.csproj", "{0C619614-6FB6-483F-A1FC-264EB75CCC7E}"
EndProject
Project("{9A19103F-16F7-4668-BE54-9A1E7A4F7556}") = "Entities", "Entities\Entities.csproj", "{5796D631-3F86-4CAD-AC6C-9771A027CCA9}"
EndProject
Project("{9A19103F-16F7-4668-BE54-9A1E7A4F7556}") = "Repositories", "Repositories\Repositories.csproj", "{B015744E-03E9-4036-ADDF-A6CB916A7B7B}"
EndProject
Project("{9A19103F-16F7-4668-BE54-9A1E7A4F7556}") = "Services", "Services\Services.csproj", "{D05A6A2D-E80A-4980-8803-D8C3FD588B9E}"
EndProject
Project("{FAE04EC0-301F-11D3-BF4B-00C04F79EFBC}") = "Presentation", "Presentation\Presentation.csproj", "{51B97A1E-64F3-4428-8848-BB78EF920913}"
EndProject
Global
	GlobalSection(SolutionConfigurationPlatforms) = preSolution
		Debug|Any CPU = Debug|Any CPU
		Release|Any CPU = Release|Any CPU
	EndGlobalSection
	GlobalSection(ProjectConfigurationPlatforms) = postSolution
		{0C619614-6FB6-483F-A1FC-264EB75CCC7E}.Debug|Any CPU.ActiveCfg = Debug|Any CPU
		{0C619614-6FB6-483F-A1FC-264EB75CCC7E}.Debug|Any CPU.Build.0 = Debug|Any CPU
		{0C619614-6FB6-483F-A1FC-264EB75CCC7E}.Release|Any CPU.ActiveCfg = Release|Any CPU
		{0C619614-6FB6-483F-A1FC-264EB75CCC7E}.Release|Any CPU.Build.0 = Release|Any CPU
		{5796D631-3F86-4CAD-AC6C-9771A027CCA9}.Debug|Any CPU.ActiveCfg = Debug|Any CPU
		{5796D631-3F86-4CAD-AC6C-9771A027CCA9}.Debug|Any CPU.Build.0 = Debug|Any CPU
		{5796D631-3F86-4CAD-AC6C-9771A027CCA9}.Release|Any CPU.ActiveCfg = Release|Any CPU
		{5796D631-3F86-4CAD-AC6C-9771A027CCA9}.Release|Any CPU.Build.0 = Release|Any CPU
		{B015744E-03E9-4036-ADDF-A6CB916A7B7B}.Debug|Any CPU.ActiveCfg = Debug|Any CPU
		{B015744E-03E9-4036-ADDF-A6CB916A7B7B}.Debug|Any CPU.Build.0 = Debug|Any CPU
		{B015744E-03E9-4036-ADDF-A6CB916A7B7B}.Release|Any CPU.ActiveCfg = Release|Any CPU
		{B015744E-03E9-4036-ADDF-A6CB916A7B7B}.Release|Any CPU.Build.0 = Release|Any CPU
		{D05A6A2D-E80A-4980-8803-D8C3FD588B9E}.Debug|Any CPU.ActiveCfg = Debug|Any CPU
		{D05A6A2D-E80A-4980-8803-D8C3FD588B9E}.Debug|Any CPU.Build.0 = Debug|Any CPU
		{D05A6A2D-E80A-4980-8803-D8C3FD588B9E}.Release|Any CPU.ActiveCfg = Release|Any CPU
		{D05A6A2D-E80A-4980-8803-D8C3FD588B9E}.Release|Any CPU.Build.0 = Release|Any CPU
		{51B97A1E-64F3-4428-8848-BB78EF920913}.Debug|Any CPU.ActiveCfg = Debug|Any CPU
		{51B97A1E-64F3-4428-8848-BB78EF920913}.Debug|Any CPU.Build.0 = Debug|Any CPU
		{51B97A1E-64F3-4428-8848-BB78EF920913}.Release|Any CPU.ActiveCfg = Release|Any CPU
		{51B97A1E-64F3-4428-8848-BB78EF920913}.Release|Any CPU.Build.0 = Release|Any CPU
	EndGlobalSection
	GlobalSection(SolutionProperties) = preSolution
		HideSolutionNode = FALSE
	EndGlobalSection
	GlobalSection(ExtensibilityGlobals) = postSolution
		SolutionGuid = {F9075300-EF86-4CA1-83D7-E6BEAFFC1245}
	EndGlobalSection
EndGlobal
